
Microsoft Visual Studio Solution File, Format Version 12.00
# Visual Studio Version 17
VisualStudioVersion = 17.9.34616.47
MinimumVisualStudioVersion = 10.0.40219.1
Project("{9A19103F-16F7-4668-BE54-9A1E7A4F7556}") = "Blank.SolutionProj.WebApi", "Blank.SolutionProj.WebApi\Blank.SolutionProj.WebApi.csproj", "{8D5298F3-4111-45AE-A7CD-F492E92FBA6F}"
EndProject
Project("{9A19103F-16F7-4668-BE54-9A1E7A4F7556}") = "Blank.solutionProj.Bl", "Blank.solutionProj.Bl\Blank.solutionProj.Bl.csproj", "{05A1354A-2E9F-484B-A06A-E228E675BC7B}"
EndProject
Project("{FAE04EC0-301F-11D3-BF4B-00C04F79EFBC}") = "Blank.solutionProj.DataBase", "Blank.solutionProj.DataBase\Blank.solutionProj.DataBase.csproj", "{4002266E-8E2D-4F2F-8DC7-780C3FA273DD}"
EndProject
Global
	GlobalSection(SolutionConfigurationPlatforms) = preSolution
		Debug|Any CPU = Debug|Any CPU
		Release|Any CPU = Release|Any CPU
	EndGlobalSection
	GlobalSection(ProjectConfigurationPlatforms) = postSolution
		{8D5298F3-4111-45AE-A7CD-F492E92FBA6F}.Debug|Any CPU.ActiveCfg = Debug|Any CPU
		{8D5298F3-4111-45AE-A7CD-F492E92FBA6F}.Debug|Any CPU.Build.0 = Debug|Any CPU
		{8D5298F3-4111-45AE-A7CD-F492E92FBA6F}.Release|Any CPU.ActiveCfg = Release|Any CPU
		{8D5298F3-4111-45AE-A7CD-F492E92FBA6F}.Release|Any CPU.Build.0 = Release|Any CPU
		{05A1354A-2E9F-484B-A06A-E228E675BC7B}.Debug|Any CPU.ActiveCfg = Debug|Any CPU
		{05A1354A-2E9F-484B-A06A-E228E675BC7B}.Debug|Any CPU.Build.0 = Debug|Any CPU
		{05A1354A-2E9F-484B-A06A-E228E675BC7B}.Release|Any CPU.ActiveCfg = Release|Any CPU
		{05A1354A-2E9F-484B-A06A-E228E675BC7B}.Release|Any CPU.Build.0 = Release|Any CPU
		{4002266E-8E2D-4F2F-8DC7-780C3FA273DD}.Debug|Any CPU.ActiveCfg = Debug|Any CPU
		{4002266E-8E2D-4F2F-8DC7-780C3FA273DD}.Debug|Any CPU.Build.0 = Debug|Any CPU
		{4002266E-8E2D-4F2F-8DC7-780C3FA273DD}.Release|Any CPU.ActiveCfg = Release|Any CPU
		{4002266E-8E2D-4F2F-8DC7-780C3FA273DD}.Release|Any CPU.Build.0 = Release|Any CPU
	EndGlobalSection
	GlobalSection(SolutionProperties) = preSolution
		HideSolutionNode = FALSE
	EndGlobalSection
	GlobalSection(ExtensibilityGlobals) = postSolution
		SolutionGuid = {455707DD-8F2B-4535-98D1-E93AC623CD9C}
	EndGlobalSection
EndGlobal
